%{"bucs": {:hex, :bucs, "0.1.7", "12735681657c19f32218cefde65ca8ccd905eb2239ceda82318ec3eec714688a", [:rebar3, :mix, :make], []},
  "doteki": {:hex, :doteki, "0.1.10", "b9b28f1e854a45f2be8542b4d076064cf8d65b0a9b3efcf196c6cfe46ef6af47", [:rebar3, :mix, :make], [{:bucs, "~> 0.1.7", [hex: :bucs, optional: false]}]},
  "gen_smtp": {:hex, :gen_smtp, "0.11.0", "d90ff2f021fc86cb2a4259b1f2b177ab6e506676265e26454bf5755855adc956", [:rebar3], []}}
