%{"bucs": {:hex, :bucs, "1.0.3", "039472179330c5702504b547cf4548bc8bc477da00c5bb8b5564f14d3c3ffb10", [:make, :mix, :rebar3], []},
  "doteki": {:hex, :doteki, "1.0.3", "03dad2fc118aa672853f850bfb13f9ba31c9feb4330e36a4c3c2cd19ca4cce67", [:make, :mix, :rebar3], [{:bucs, "~> 1.0.3", [hex: :bucs, optional: false]}]},
  "gen_smtp": {:hex, :gen_smtp, "0.11.0", "d90ff2f021fc86cb2a4259b1f2b177ab6e506676265e26454bf5755855adc956", [:rebar3], []}}
