%{"bucs": {:hex, :bucs, "1.0.6", "b0467388b5adaabb4d8726595b7b754a961bfe80f0ccac88f58e1afea32be6d0", [:make, :mix, :rebar3], []},
  "doteki": {:hex, :doteki, "1.0.5", "1e719dbe540f84ea87c6dc92be4b6f706a42b08067af519de13b6efc27243a49", [:make, :mix, :rebar3], [{:bucs, "~> 1.0.6", [hex: :bucs, optional: false]}]},
  "gen_smtp": {:hex, :gen_smtp, "0.11.0", "d90ff2f021fc86cb2a4259b1f2b177ab6e506676265e26454bf5755855adc956", [:rebar3], []}}
